
Microsoft Visual Studio Solution File, Format Version 12.00
# Visual Studio Version 16
VisualStudioVersion = 16.0.30011.22
MinimumVisualStudioVersion = 10.0.40219.1
Project("{FAE04EC0-301F-11D3-BF4B-00C04F79EFBC}") = "paralelkmeanss", "paralelkmeanss.csproj", "{2F79971C-B0F9-42B6-A518-8A5A56F27714}"
EndProject
Global
	GlobalSection(SolutionConfigurationPlatforms) = preSolution
		Debug|x86 = Debug|x86
		Release|x86 = Release|x86
	EndGlobalSection
	GlobalSection(ProjectConfigurationPlatforms) = postSolution
		{2F79971C-B0F9-42B6-A518-8A5A56F27714}.Debug|x86.ActiveCfg = Debug|x86
		{2F79971C-B0F9-42B6-A518-8A5A56F27714}.Debug|x86.Build.0 = Debug|x86
		{2F79971C-B0F9-42B6-A518-8A5A56F27714}.Release|x86.ActiveCfg = Release|x86
		{2F79971C-B0F9-42B6-A518-8A5A56F27714}.Release|x86.Build.0 = Release|x86
	EndGlobalSection
	GlobalSection(SolutionProperties) = preSolution
		HideSolutionNode = FALSE
	EndGlobalSection
	GlobalSection(ExtensibilityGlobals) = postSolution
		SolutionGuid = {7F357D80-9F81-400D-822F-914FE8E55C9B}
	EndGlobalSection
EndGlobal
